
Microsoft Visual Studio Solution File, Format Version 12.00
# Visual Studio 15
VisualStudioVersion = 15.0.28307.168
MinimumVisualStudioVersion = 10.0.40219.1
Project("{FAE04EC0-301F-11D3-BF4B-00C04F79EFBC}") = "UMDFileConvertToTxtWindowsFormsApp", "UMDFileConvertToTxtWindowsFormsApp\UMDFileConvertToTxtWindowsFormsApp.csproj", "{57E86D84-9E12-4916-BAD7-42A1FCADEF77}"
EndProject
Project("{FAE04EC0-301F-11D3-BF4B-00C04F79EFBC}") = "UmdParser", "UmdParser\UmdParser.csproj", "{7025C66B-482E-4BBE-83F3-55DD4BBCD269}"
EndProject
Global
	GlobalSection(SolutionConfigurationPlatforms) = preSolution
		Debug|Any CPU = Debug|Any CPU
		Release|Any CPU = Release|Any CPU
	EndGlobalSection
	GlobalSection(ProjectConfigurationPlatforms) = postSolution
		{57E86D84-9E12-4916-BAD7-42A1FCADEF77}.Debug|Any CPU.ActiveCfg = Debug|Any CPU
		{57E86D84-9E12-4916-BAD7-42A1FCADEF77}.Debug|Any CPU.Build.0 = Debug|Any CPU
		{57E86D84-9E12-4916-BAD7-42A1FCADEF77}.Release|Any CPU.ActiveCfg = Release|Any CPU
		{57E86D84-9E12-4916-BAD7-42A1FCADEF77}.Release|Any CPU.Build.0 = Release|Any CPU
		{7025C66B-482E-4BBE-83F3-55DD4BBCD269}.Debug|Any CPU.ActiveCfg = Debug|Any CPU
		{7025C66B-482E-4BBE-83F3-55DD4BBCD269}.Debug|Any CPU.Build.0 = Debug|Any CPU
		{7025C66B-482E-4BBE-83F3-55DD4BBCD269}.Release|Any CPU.ActiveCfg = Release|Any CPU
		{7025C66B-482E-4BBE-83F3-55DD4BBCD269}.Release|Any CPU.Build.0 = Release|Any CPU
	EndGlobalSection
	GlobalSection(SolutionProperties) = preSolution
		HideSolutionNode = FALSE
	EndGlobalSection
	GlobalSection(ExtensibilityGlobals) = postSolution
		SolutionGuid = {A54B8A5E-EEF2-4D52-9B6E-F6D14C08EAB0}
	EndGlobalSection
EndGlobal
